{
  "name": "fluid-design-system",
  "version": "0.0.1",
  "lockfileVersion": 1,
  "requires": true,
  "dependencies": {
    "@engie-group/fluid-design-system": {
      "version": "4.3.1",
      "resolved": "https://registry.npmjs.org/@engie-group/fluid-design-system/-/fluid-design-system-4.3.1.tgz",
      "integrity": "sha512-R8tbThl0RGdHg4vQHnoToZ2oqs2cncrKQQJ4j50hXy5R0VTAjdA3na3hb900sR9YMbZvMFSScAgZPk9AR7uh0A==",
      "requires": {
        "@engie-group/fluid-design-tokens": "^1.0.3"
      }
    },
    "@engie-group/fluid-design-tokens": {
      "version": "1.0.3",
      "resolved": "https://registry.npmjs.org/@engie-group/fluid-design-tokens/-/fluid-design-tokens-1.0.3.tgz",
      "integrity": "sha512-DsqYicOIQXlECt+2TvdkyauFWMmyblnrsTcQ0NK3vEToAUTbJO6y2OVRLCe/QVM9rWHbgsTlVBVxOsK5cqh9eg=="
    }
  }
}
